
Microsoft Visual Studio Solution File, Format Version 12.00
# Visual Studio Version 17
VisualStudioVersion = 17.4.33205.214
MinimumVisualStudioVersion = 10.0.40219.1
Project("{FAE04EC0-301F-11D3-BF4B-00C04F79EFBC}") = "Dev.UI.Site", "src\Dev.UI.Site\Dev.UI.Site.csproj", "{6ED277B0-ED68-44AB-9538-1102B49F32F2}"
EndProject
Global
	GlobalSection(SolutionConfigurationPlatforms) = preSolution
		Debug|Any CPU = Debug|Any CPU
		Release|Any CPU = Release|Any CPU
	EndGlobalSection
	GlobalSection(ProjectConfigurationPlatforms) = postSolution
		{6ED277B0-ED68-44AB-9538-1102B49F32F2}.Debug|Any CPU.ActiveCfg = Debug|Any CPU
		{6ED277B0-ED68-44AB-9538-1102B49F32F2}.Debug|Any CPU.Build.0 = Debug|Any CPU
		{6ED277B0-ED68-44AB-9538-1102B49F32F2}.Release|Any CPU.ActiveCfg = Release|Any CPU
		{6ED277B0-ED68-44AB-9538-1102B49F32F2}.Release|Any CPU.Build.0 = Release|Any CPU
	EndGlobalSection
	GlobalSection(SolutionProperties) = preSolution
		HideSolutionNode = FALSE
	EndGlobalSection
	GlobalSection(ExtensibilityGlobals) = postSolution
		SolutionGuid = {141F789C-CD6D-4830-9E4A-8BA656AC64B5}
	EndGlobalSection
EndGlobal
